// !$*UTF8*$!
{
	archiveVersion = 1;
	classes = {
	};
	objectVersion = 56;
	objects = {

/* Begin PBXBuildFile section */
		2B8F79F72A38402D003D7262 /* KeyChainDemoBackend.h in Headers */ = {isa = PBXBuildFile; fileRef = 2B8F79F62A38402D003D7262 /* KeyChainDemoBackend.h */; settings = {ATTRIBUTES = (Public, ); }; };
		2B8F7A022A384128003D7262 /* CreateUserNetworkContract.swift in Sources */ = {isa = PBXBuildFile; fileRef = 2B8F7A012A384128003D7262 /* CreateUserNetworkContract.swift */; };
		2B8F7A062A38430F003D7262 /* UserModel.swift in Sources */ = {isa = PBXBuildFile; fileRef = 2B8F7A052A38430F003D7262 /* UserModel.swift */; };
		2B8F7A082A384347003D7262 /* NetworkService.swift in Sources */ = {isa = PBXBuildFile; fileRef = 2B8F7A072A384347003D7262 /* NetworkService.swift */; };
		2B8F7A0A2A38462C003D7262 /* UserDataManager.swift in Sources */ = {isa = PBXBuildFile; fileRef = 2B8F7A092A38462C003D7262 /* UserDataManager.swift */; };
		2B8F7A0D2A38465A003D7262 /* CreateUserDataManagerContract.swift in Sources */ = {isa = PBXBuildFile; fileRef = 2B8F7A0C2A38465A003D7262 /* CreateUserDataManagerContract.swift */; };
		2B8F7A102A384875003D7262 /* BaseUsecase.swift in Sources */ = {isa = PBXBuildFile; fileRef = 2B8F7A0F2A384875003D7262 /* BaseUsecase.swift */; };
		2B8F7A122A3848C4003D7262 /* CreateUserUsecase.swift in Sources */ = {isa = PBXBuildFile; fileRef = 2B8F7A112A3848C4003D7262 /* CreateUserUsecase.swift */; };
		2BA3B7842A4027FB00C5E00C /* CreateUserDatabaseContract.swift in Sources */ = {isa = PBXBuildFile; fileRef = 2BA3B7832A4027FB00C5E00C /* CreateUserDatabaseContract.swift */; };
		2BA3B7862A40281200C5E00C /* GetAllUsersDatabaseContract.swift in Sources */ = {isa = PBXBuildFile; fileRef = 2BA3B7852A40281200C5E00C /* GetAllUsersDatabaseContract.swift */; };
		2BA3B7892A40283E00C5E00C /* DatabaseService.swift in Sources */ = {isa = PBXBuildFile; fileRef = 2BA3B7882A40283E00C5E00C /* DatabaseService.swift */; };
		2BC430A62A3989F1003C7171 /* GetUserNetworkContract.swift in Sources */ = {isa = PBXBuildFile; fileRef = 2BC430A52A3989F1003C7171 /* GetUserNetworkContract.swift */; };
		2BC430AA2A399BEF003C7171 /* LoginUsecase.swift in Sources */ = {isa = PBXBuildFile; fileRef = 2BC430A92A399BEF003C7171 /* LoginUsecase.swift */; };
		2BC430AC2A399DBA003C7171 /* LoginDataManagerContract.swift in Sources */ = {isa = PBXBuildFile; fileRef = 2BC430AB2A399DBA003C7171 /* LoginDataManagerContract.swift */; };
		2BC430AE2A399F28003C7171 /* LoginNetworkContract.swift in Sources */ = {isa = PBXBuildFile; fileRef = 2BC430AD2A399F28003C7171 /* LoginNetworkContract.swift */; };
		2BE658A12A4034080004C21F /* GetAllUsersNetworkContract.swift in Sources */ = {isa = PBXBuildFile; fileRef = 2BE658A02A4034080004C21F /* GetAllUsersNetworkContract.swift */; };
		2BE658A32A4034D30004C21F /* GetAllUsersDataManagerContract.swift in Sources */ = {isa = PBXBuildFile; fileRef = 2BE658A22A4034D30004C21F /* GetAllUsersDataManagerContract.swift */; };
/* End PBXBuildFile section */

/* Begin PBXFileReference section */
		2B8F79F32A38402D003D7262 /* KeyChainDemoBackend.framework */ = {isa = PBXFileReference; explicitFileType = wrapper.framework; includeInIndex = 0; path = KeyChainDemoBackend.framework; sourceTree = BUILT_PRODUCTS_DIR; };
		2B8F79F62A38402D003D7262 /* KeyChainDemoBackend.h */ = {isa = PBXFileReference; lastKnownFileType = sourcecode.c.h; path = KeyChainDemoBackend.h; sourceTree = "<group>"; };
		2B8F7A012A384128003D7262 /* CreateUserNetworkContract.swift */ = {isa = PBXFileReference; lastKnownFileType = sourcecode.swift; path = CreateUserNetworkContract.swift; sourceTree = "<group>"; };
		2B8F7A052A38430F003D7262 /* UserModel.swift */ = {isa = PBXFileReference; lastKnownFileType = sourcecode.swift; path = UserModel.swift; sourceTree = "<group>"; };
		2B8F7A072A384347003D7262 /* NetworkService.swift */ = {isa = PBXFileReference; lastKnownFileType = sourcecode.swift; path = NetworkService.swift; sourceTree = "<group>"; };
		2B8F7A092A38462C003D7262 /* UserDataManager.swift */ = {isa = PBXFileReference; lastKnownFileType = sourcecode.swift; path = UserDataManager.swift; sourceTree = "<group>"; };
		2B8F7A0C2A38465A003D7262 /* CreateUserDataManagerContract.swift */ = {isa = PBXFileReference; lastKnownFileType = sourcecode.swift; path = CreateUserDataManagerContract.swift; sourceTree = "<group>"; };
		2B8F7A0F2A384875003D7262 /* BaseUsecase.swift */ = {isa = PBXFileReference; lastKnownFileType = sourcecode.swift; path = BaseUsecase.swift; sourceTree = "<group>"; };
		2B8F7A112A3848C4003D7262 /* CreateUserUsecase.swift */ = {isa = PBXFileReference; lastKnownFileType = sourcecode.swift; path = CreateUserUsecase.swift; sourceTree = "<group>"; };
		2BA3B7832A4027FB00C5E00C /* CreateUserDatabaseContract.swift */ = {isa = PBXFileReference; lastKnownFileType = sourcecode.swift; path = CreateUserDatabaseContract.swift; sourceTree = "<group>"; };
		2BA3B7852A40281200C5E00C /* GetAllUsersDatabaseContract.swift */ = {isa = PBXFileReference; lastKnownFileType = sourcecode.swift; path = GetAllUsersDatabaseContract.swift; sourceTree = "<group>"; };
		2BA3B7882A40283E00C5E00C /* DatabaseService.swift */ = {isa = PBXFileReference; lastKnownFileType = sourcecode.swift; path = DatabaseService.swift; sourceTree = "<group>"; };
		2BC430A52A3989F1003C7171 /* GetUserNetworkContract.swift */ = {isa = PBXFileReference; lastKnownFileType = sourcecode.swift; path = GetUserNetworkContract.swift; sourceTree = "<group>"; };
		2BC430A92A399BEF003C7171 /* LoginUsecase.swift */ = {isa = PBXFileReference; lastKnownFileType = sourcecode.swift; path = LoginUsecase.swift; sourceTree = "<group>"; };
		2BC430AB2A399DBA003C7171 /* LoginDataManagerContract.swift */ = {isa = PBXFileReference; lastKnownFileType = sourcecode.swift; path = LoginDataManagerContract.swift; sourceTree = "<group>"; };
		2BC430AD2A399F28003C7171 /* LoginNetworkContract.swift */ = {isa = PBXFileReference; lastKnownFileType = sourcecode.swift; path = LoginNetworkContract.swift; sourceTree = "<group>"; };
		2BE658A02A4034080004C21F /* GetAllUsersNetworkContract.swift */ = {isa = PBXFileReference; lastKnownFileType = sourcecode.swift; path = GetAllUsersNetworkContract.swift; sourceTree = "<group>"; };
		2BE658A22A4034D30004C21F /* GetAllUsersDataManagerContract.swift */ = {isa = PBXFileReference; lastKnownFileType = sourcecode.swift; path = GetAllUsersDataManagerContract.swift; sourceTree = "<group>"; };
/* End PBXFileReference section */

/* Begin PBXFrameworksBuildPhase section */
		2B8F79F02A38402D003D7262 /* Frameworks */ = {
			isa = PBXFrameworksBuildPhase;
			buildActionMask = 2147483647;
			files = (
			);
			runOnlyForDeploymentPostprocessing = 0;
		};
/* End PBXFrameworksBuildPhase section */

/* Begin PBXGroup section */
		2B8F79E92A38402D003D7262 = {
			isa = PBXGroup;
			children = (
				2B8F79F52A38402D003D7262 /* KeyChainDemoBackend */,
				2B8F79F42A38402D003D7262 /* Products */,
			);
			sourceTree = "<group>";
		};
		2B8F79F42A38402D003D7262 /* Products */ = {
			isa = PBXGroup;
			children = (
				2B8F79F32A38402D003D7262 /* KeyChainDemoBackend.framework */,
			);
			name = Products;
			sourceTree = "<group>";
		};
		2B8F79F52A38402D003D7262 /* KeyChainDemoBackend */ = {
			isa = PBXGroup;
			children = (
				2B8F7A032A3842F9003D7262 /* Domain */,
				2B8F79FD2A3840AC003D7262 /* Data */,
				2B8F79F62A38402D003D7262 /* KeyChainDemoBackend.h */,
			);
			path = KeyChainDemoBackend;
			sourceTree = "<group>";
		};
		2B8F79FD2A3840AC003D7262 /* Data */ = {
			isa = PBXGroup;
			children = (
				2BA3B7872A40282E00C5E00C /* Database */,
				2B8F7A002A3840CF003D7262 /* Network */,
				2B8F79FF2A3840C2003D7262 /* DataManager */,
				2B8F79FE2A3840B9003D7262 /* Contract */,
			);
			path = Data;
			sourceTree = "<group>";
		};
		2B8F79FE2A3840B9003D7262 /* Contract */ = {
			isa = PBXGroup;
			children = (
				2B8F7A012A384128003D7262 /* CreateUserNetworkContract.swift */,
				2BC430A52A3989F1003C7171 /* GetUserNetworkContract.swift */,
				2BC430AD2A399F28003C7171 /* LoginNetworkContract.swift */,
				2BA3B7832A4027FB00C5E00C /* CreateUserDatabaseContract.swift */,
				2BA3B7852A40281200C5E00C /* GetAllUsersDatabaseContract.swift */,
				2BE658A02A4034080004C21F /* GetAllUsersNetworkContract.swift */,
			);
			path = Contract;
			sourceTree = "<group>";
		};
		2B8F79FF2A3840C2003D7262 /* DataManager */ = {
			isa = PBXGroup;
			children = (
				2B8F7A092A38462C003D7262 /* UserDataManager.swift */,
			);
			path = DataManager;
			sourceTree = "<group>";
		};
		2B8F7A002A3840CF003D7262 /* Network */ = {
			isa = PBXGroup;
			children = (
				2B8F7A072A384347003D7262 /* NetworkService.swift */,
			);
			path = Network;
			sourceTree = "<group>";
		};
		2B8F7A032A3842F9003D7262 /* Domain */ = {
			isa = PBXGroup;
			children = (
				2B8F7A0E2A384868003D7262 /* Usecase */,
				2B8F7A0B2A384645003D7262 /* Contract */,
				2B8F7A042A3842FF003D7262 /* Entity */,
			);
			path = Domain;
			sourceTree = "<group>";
		};
		2B8F7A042A3842FF003D7262 /* Entity */ = {
			isa = PBXGroup;
			children = (
				2B8F7A052A38430F003D7262 /* UserModel.swift */,
			);
			path = Entity;
			sourceTree = "<group>";
		};
		2B8F7A0B2A384645003D7262 /* Contract */ = {
			isa = PBXGroup;
			children = (
				2B8F7A0C2A38465A003D7262 /* CreateUserDataManagerContract.swift */,
				2BC430AB2A399DBA003C7171 /* LoginDataManagerContract.swift */,
				2BE658A22A4034D30004C21F /* GetAllUsersDataManagerContract.swift */,
			);
			path = Contract;
			sourceTree = "<group>";
		};
		2B8F7A0E2A384868003D7262 /* Usecase */ = {
			isa = PBXGroup;
			children = (
				2B8F7A0F2A384875003D7262 /* BaseUsecase.swift */,
				2BC430A92A399BEF003C7171 /* LoginUsecase.swift */,
				2B8F7A112A3848C4003D7262 /* CreateUserUsecase.swift */,
			);
			path = Usecase;
			sourceTree = "<group>";
		};
		2BA3B7872A40282E00C5E00C /* Database */ = {
			isa = PBXGroup;
			children = (
				2BA3B7882A40283E00C5E00C /* DatabaseService.swift */,
			);
			path = Database;
			sourceTree = "<group>";
		};
/* End PBXGroup section */

/* Begin PBXHeadersBuildPhase section */
		2B8F79EE2A38402D003D7262 /* Headers */ = {
			isa = PBXHeadersBuildPhase;
			buildActionMask = 2147483647;
			files = (
				2B8F79F72A38402D003D7262 /* KeyChainDemoBackend.h in Headers */,
			);
			runOnlyForDeploymentPostprocessing = 0;
		};
/* End PBXHeadersBuildPhase section */

/* Begin PBXNativeTarget section */
		2B8F79F22A38402D003D7262 /* KeyChainDemoBackend */ = {
			isa = PBXNativeTarget;
			buildConfigurationList = 2B8F79FA2A38402D003D7262 /* Build configuration list for PBXNativeTarget "KeyChainDemoBackend" */;
			buildPhases = (
				2B8F79EE2A38402D003D7262 /* Headers */,
				2B8F79EF2A38402D003D7262 /* Sources */,
				2B8F79F02A38402D003D7262 /* Frameworks */,
				2B8F79F12A38402D003D7262 /* Resources */,
			);
			buildRules = (
			);
			dependencies = (
			);
			name = KeyChainDemoBackend;
			productName = KeyChainDemoBackend;
			productReference = 2B8F79F32A38402D003D7262 /* KeyChainDemoBackend.framework */;
			productType = "com.apple.product-type.framework";
		};
/* End PBXNativeTarget section */

/* Begin PBXProject section */
		2B8F79EA2A38402D003D7262 /* Project object */ = {
			isa = PBXProject;
			attributes = {
				BuildIndependentTargetsInParallel = 1;
				LastUpgradeCheck = 1430;
				TargetAttributes = {
					2B8F79F22A38402D003D7262 = {
						CreatedOnToolsVersion = 14.3.1;
						LastSwiftMigration = 1430;
					};
				};
			};
			buildConfigurationList = 2B8F79ED2A38402D003D7262 /* Build configuration list for PBXProject "KeyChainDemoBackend" */;
			compatibilityVersion = "Xcode 14.0";
			developmentRegion = en;
			hasScannedForEncodings = 0;
			knownRegions = (
				en,
				Base,
			);
			mainGroup = 2B8F79E92A38402D003D7262;
			productRefGroup = 2B8F79F42A38402D003D7262 /* Products */;
			projectDirPath = "";
			projectRoot = "";
			targets = (
				2B8F79F22A38402D003D7262 /* KeyChainDemoBackend */,
			);
		};
/* End PBXProject section */

/* Begin PBXResourcesBuildPhase section */
		2B8F79F12A38402D003D7262 /* Resources */ = {
			isa = PBXResourcesBuildPhase;
			buildActionMask = 2147483647;
			files = (
			);
			runOnlyForDeploymentPostprocessing = 0;
		};
/* End PBXResourcesBuildPhase section */

/* Begin PBXSourcesBuildPhase section */
		2B8F79EF2A38402D003D7262 /* Sources */ = {
			isa = PBXSourcesBuildPhase;
			buildActionMask = 2147483647;
			files = (
				2B8F7A122A3848C4003D7262 /* CreateUserUsecase.swift in Sources */,
				2BE658A12A4034080004C21F /* GetAllUsersNetworkContract.swift in Sources */,
				2BC430AC2A399DBA003C7171 /* LoginDataManagerContract.swift in Sources */,
				2BC430AA2A399BEF003C7171 /* LoginUsecase.swift in Sources */,
				2B8F7A0D2A38465A003D7262 /* CreateUserDataManagerContract.swift in Sources */,
				2B8F7A0A2A38462C003D7262 /* UserDataManager.swift in Sources */,
				2B8F7A102A384875003D7262 /* BaseUsecase.swift in Sources */,
				2B8F7A062A38430F003D7262 /* UserModel.swift in Sources */,
				2BA3B7862A40281200C5E00C /* GetAllUsersDatabaseContract.swift in Sources */,
				2BA3B7892A40283E00C5E00C /* DatabaseService.swift in Sources */,
				2B8F7A082A384347003D7262 /* NetworkService.swift in Sources */,
				2BC430AE2A399F28003C7171 /* LoginNetworkContract.swift in Sources */,
				2BC430A62A3989F1003C7171 /* GetUserNetworkContract.swift in Sources */,
				2BE658A32A4034D30004C21F /* GetAllUsersDataManagerContract.swift in Sources */,
				2BA3B7842A4027FB00C5E00C /* CreateUserDatabaseContract.swift in Sources */,
				2B8F7A022A384128003D7262 /* CreateUserNetworkContract.swift in Sources */,
			);
			runOnlyForDeploymentPostprocessing = 0;
		};
/* End PBXSourcesBuildPhase section */

/* Begin XCBuildConfiguration section */
		2B8F79F82A38402D003D7262 /* Debug */ = {
			isa = XCBuildConfiguration;
			buildSettings = {
				ALWAYS_SEARCH_USER_PATHS = NO;
				CLANG_ANALYZER_NONNULL = YES;
				CLANG_ANALYZER_NUMBER_OBJECT_CONVERSION = YES_AGGRESSIVE;
				CLANG_CXX_LANGUAGE_STANDARD = "gnu++20";
				CLANG_ENABLE_MODULES = YES;
				CLANG_ENABLE_OBJC_ARC = YES;
				CLANG_ENABLE_OBJC_WEAK = YES;
				CLANG_WARN_BLOCK_CAPTURE_AUTORELEASING = YES;
				CLANG_WARN_BOOL_CONVERSION = YES;
				CLANG_WARN_COMMA = YES;
				CLANG_WARN_CONSTANT_CONVERSION = YES;
				CLANG_WARN_DEPRECATED_OBJC_IMPLEMENTATIONS = YES;
				CLANG_WARN_DIRECT_OBJC_ISA_USAGE = YES_ERROR;
				CLANG_WARN_DOCUMENTATION_COMMENTS = YES;
				CLANG_WARN_EMPTY_BODY = YES;
				CLANG_WARN_ENUM_CONVERSION = YES;
				CLANG_WARN_INFINITE_RECURSION = YES;
				CLANG_WARN_INT_CONVERSION = YES;
				CLANG_WARN_NON_LITERAL_NULL_CONVERSION = YES;
				CLANG_WARN_OBJC_IMPLICIT_RETAIN_SELF = YES;
				CLANG_WARN_OBJC_LITERAL_CONVERSION = YES;
				CLANG_WARN_OBJC_ROOT_CLASS = YES_ERROR;
				CLANG_WARN_QUOTED_INCLUDE_IN_FRAMEWORK_HEADER = YES;
				CLANG_WARN_RANGE_LOOP_ANALYSIS = YES;
				CLANG_WARN_STRICT_PROTOTYPES = YES;
				CLANG_WARN_SUSPICIOUS_MOVE = YES;
				CLANG_WARN_UNGUARDED_AVAILABILITY = YES_AGGRESSIVE;
				CLANG_WARN_UNREACHABLE_CODE = YES;
				CLANG_WARN__DUPLICATE_METHOD_MATCH = YES;
				COPY_PHASE_STRIP = NO;
				CURRENT_PROJECT_VERSION = 1;
				DEBUG_INFORMATION_FORMAT = dwarf;
				ENABLE_STRICT_OBJC_MSGSEND = YES;
				ENABLE_TESTABILITY = YES;
				GCC_C_LANGUAGE_STANDARD = gnu11;
				GCC_DYNAMIC_NO_PIC = NO;
				GCC_NO_COMMON_BLOCKS = YES;
				GCC_OPTIMIZATION_LEVEL = 0;
				GCC_PREPROCESSOR_DEFINITIONS = (
					"DEBUG=1",
					"$(inherited)",
				);
				GCC_WARN_64_TO_32_BIT_CONVERSION = YES;
				GCC_WARN_ABOUT_RETURN_TYPE = YES_ERROR;
				GCC_WARN_UNDECLARED_SELECTOR = YES;
				GCC_WARN_UNINITIALIZED_AUTOS = YES_AGGRESSIVE;
				GCC_WARN_UNUSED_FUNCTION = YES;
				GCC_WARN_UNUSED_VARIABLE = YES;
				MACOSX_DEPLOYMENT_TARGET = 13.3;
				MTL_ENABLE_DEBUG_INFO = INCLUDE_SOURCE;
				MTL_FAST_MATH = YES;
				ONLY_ACTIVE_ARCH = YES;
				SDKROOT = macosx;
				SWIFT_ACTIVE_COMPILATION_CONDITIONS = DEBUG;
				SWIFT_OPTIMIZATION_LEVEL = "-Onone";
				VERSIONING_SYSTEM = "apple-generic";
				VERSION_INFO_PREFIX = "";
			};
			name = Debug;
		};
		2B8F79F92A38402D003D7262 /* Release */ = {
			isa = XCBuildConfiguration;
			buildSettings = {
				ALWAYS_SEARCH_USER_PATHS = NO;
				CLANG_ANALYZER_NONNULL = YES;
				CLANG_ANALYZER_NUMBER_OBJECT_CONVERSION = YES_AGGRESSIVE;
				CLANG_CXX_LANGUAGE_STANDARD = "gnu++20";
				CLANG_ENABLE_MODULES = YES;
				CLANG_ENABLE_OBJC_ARC = YES;
				CLANG_ENABLE_OBJC_WEAK = YES;
				CLANG_WARN_BLOCK_CAPTURE_AUTORELEASING = YES;
				CLANG_WARN_BOOL_CONVERSION = YES;
				CLANG_WARN_COMMA = YES;
				CLANG_WARN_CONSTANT_CONVERSION = YES;
				CLANG_WARN_DEPRECATED_OBJC_IMPLEMENTATIONS = YES;
				CLANG_WARN_DIRECT_OBJC_ISA_USAGE = YES_ERROR;
				CLANG_WARN_DOCUMENTATION_COMMENTS = YES;
				CLANG_WARN_EMPTY_BODY = YES;
				CLANG_WARN_ENUM_CONVERSION = YES;
				CLANG_WARN_INFINITE_RECURSION = YES;
				CLANG_WARN_INT_CONVERSION = YES;
				CLANG_WARN_NON_LITERAL_NULL_CONVERSION = YES;
				CLANG_WARN_OBJC_IMPLICIT_RETAIN_SELF = YES;
				CLANG_WARN_OBJC_LITERAL_CONVERSION = YES;
				CLANG_WARN_OBJC_ROOT_CLASS = YES_ERROR;
				CLANG_WARN_QUOTED_INCLUDE_IN_FRAMEWORK_HEADER = YES;
				CLANG_WARN_RANGE_LOOP_ANALYSIS = YES;
				CLANG_WARN_STRICT_PROTOTYPES = YES;
				CLANG_WARN_SUSPICIOUS_MOVE = YES;
				CLANG_WARN_UNGUARDED_AVAILABILITY = YES_AGGRESSIVE;
				CLANG_WARN_UNREACHABLE_CODE = YES;
				CLANG_WARN__DUPLICATE_METHOD_MATCH = YES;
				COPY_PHASE_STRIP = NO;
				CURRENT_PROJECT_VERSION = 1;
				DEBUG_INFORMATION_FORMAT = "dwarf-with-dsym";
				ENABLE_NS_ASSERTIONS = NO;
				ENABLE_STRICT_OBJC_MSGSEND = YES;
				GCC_C_LANGUAGE_STANDARD = gnu11;
				GCC_NO_COMMON_BLOCKS = YES;
				GCC_WARN_64_TO_32_BIT_CONVERSION = YES;
				GCC_WARN_ABOUT_RETURN_TYPE = YES_ERROR;
				GCC_WARN_UNDECLARED_SELECTOR = YES;
				GCC_WARN_UNINITIALIZED_AUTOS = YES_AGGRESSIVE;
				GCC_WARN_UNUSED_FUNCTION = YES;
				GCC_WARN_UNUSED_VARIABLE = YES;
				MACOSX_DEPLOYMENT_TARGET = 13.3;
				MTL_ENABLE_DEBUG_INFO = NO;
				MTL_FAST_MATH = YES;
				SDKROOT = macosx;
				SWIFT_COMPILATION_MODE = wholemodule;
				SWIFT_OPTIMIZATION_LEVEL = "-O";
				VERSIONING_SYSTEM = "apple-generic";
				VERSION_INFO_PREFIX = "";
			};
			name = Release;
		};
		2B8F79FB2A38402D003D7262 /* Debug */ = {
			isa = XCBuildConfiguration;
			buildSettings = {
				CLANG_ENABLE_MODULES = YES;
				"CODE_SIGN_IDENTITY[sdk=macosx*]" = "-";
				CODE_SIGN_STYLE = Automatic;
				COMBINE_HIDPI_IMAGES = YES;
				CURRENT_PROJECT_VERSION = 1;
				DEFINES_MODULE = YES;
				DEVELOPMENT_TEAM = 8V67264XN6;
				DYLIB_COMPATIBILITY_VERSION = 1;
				DYLIB_CURRENT_VERSION = 1;
				DYLIB_INSTALL_NAME_BASE = "@rpath";
				ENABLE_MODULE_VERIFIER = YES;
				GENERATE_INFOPLIST_FILE = YES;
				INFOPLIST_KEY_NSHumanReadableCopyright = "";
				INSTALL_PATH = "$(LOCAL_LIBRARY_DIR)/Frameworks";
				LD_RUNPATH_SEARCH_PATHS = (
					"$(inherited)",
					"@executable_path/../Frameworks",
					"@loader_path/Frameworks",
				);
				MARKETING_VERSION = 1.0;
				MODULE_VERIFIER_SUPPORTED_LANGUAGES = "objective-c objective-c++";
				MODULE_VERIFIER_SUPPORTED_LANGUAGE_STANDARDS = "gnu11 gnu++20";
				PRODUCT_BUNDLE_IDENTIFIER = com.Test.KeyChainDemoBackend;
				PRODUCT_NAME = "$(TARGET_NAME:c99extidentifier)";
				SKIP_INSTALL = YES;
				SWIFT_EMIT_LOC_STRINGS = YES;
				SWIFT_OPTIMIZATION_LEVEL = "-Onone";
				SWIFT_VERSION = 5.0;
			};
			name = Debug;
		};
		2B8F79FC2A38402D003D7262 /* Release */ = {
			isa = XCBuildConfiguration;
			buildSettings = {
				CLANG_ENABLE_MODULES = YES;
				"CODE_SIGN_IDENTITY[sdk=macosx*]" = "-";
				CODE_SIGN_STYLE = Automatic;
				COMBINE_HIDPI_IMAGES = YES;
				CURRENT_PROJECT_VERSION = 1;
				DEFINES_MODULE = YES;
				DEVELOPMENT_TEAM = 8V67264XN6;
				DYLIB_COMPATIBILITY_VERSION = 1;
				DYLIB_CURRENT_VERSION = 1;
				DYLIB_INSTALL_NAME_BASE = "@rpath";
				ENABLE_MODULE_VERIFIER = YES;
				GENERATE_INFOPLIST_FILE = YES;
				INFOPLIST_KEY_NSHumanReadableCopyright = "";
				INSTALL_PATH = "$(LOCAL_LIBRARY_DIR)/Frameworks";
				LD_RUNPATH_SEARCH_PATHS = (
					"$(inherited)",
					"@executable_path/../Frameworks",
					"@loader_path/Frameworks",
				);
				MARKETING_VERSION = 1.0;
				MODULE_VERIFIER_SUPPORTED_LANGUAGES = "objective-c objective-c++";
				MODULE_VERIFIER_SUPPORTED_LANGUAGE_STANDARDS = "gnu11 gnu++20";
				PRODUCT_BUNDLE_IDENTIFIER = com.Test.KeyChainDemoBackend;
				PRODUCT_NAME = "$(TARGET_NAME:c99extidentifier)";
				SKIP_INSTALL = YES;
				SWIFT_EMIT_LOC_STRINGS = YES;
				SWIFT_VERSION = 5.0;
			};
			name = Release;
		};
/* End XCBuildConfiguration section */

/* Begin XCConfigurationList section */
		2B8F79ED2A38402D003D7262 /* Build configuration list for PBXProject "KeyChainDemoBackend" */ = {
			isa = XCConfigurationList;
			buildConfigurations = (
				2B8F79F82A38402D003D7262 /* Debug */,
				2B8F79F92A38402D003D7262 /* Release */,
			);
			defaultConfigurationIsVisible = 0;
			defaultConfigurationName = Release;
		};
		2B8F79FA2A38402D003D7262 /* Build configuration list for PBXNativeTarget "KeyChainDemoBackend" */ = {
			isa = XCConfigurationList;
			buildConfigurations = (
				2B8F79FB2A38402D003D7262 /* Debug */,
				2B8F79FC2A38402D003D7262 /* Release */,
			);
			defaultConfigurationIsVisible = 0;
			defaultConfigurationName = Release;
		};
/* End XCConfigurationList section */
	};
	rootObject = 2B8F79EA2A38402D003D7262 /* Project object */;
}
