// !$*UTF8*$!
{
	archiveVersion = 1;
	classes = {
	};
	objectVersion = 56;
	objects = {

/* Begin PBXBuildFile section */
		2B4DDEBF2A2DBA22009739ED /* AppDelegate.swift in Sources */ = {isa = PBXBuildFile; fileRef = 2B4DDEBE2A2DBA22009739ED /* AppDelegate.swift */; };
		2B4DDEC12A2DBA23009739ED /* Assets.xcassets in Resources */ = {isa = PBXBuildFile; fileRef = 2B4DDEC02A2DBA23009739ED /* Assets.xcassets */; };
		2B4DDEC42A2DBA23009739ED /* MainMenu.xib in Resources */ = {isa = PBXBuildFile; fileRef = 2B4DDEC22A2DBA23009739ED /* MainMenu.xib */; };
		2B4DDECC2A2DBA54009739ED /* OutlineViewController.swift in Sources */ = {isa = PBXBuildFile; fileRef = 2B4DDECB2A2DBA54009739ED /* OutlineViewController.swift */; };
		2B4DDECE2A2DBAC9009739ED /* WindowController.swift in Sources */ = {isa = PBXBuildFile; fileRef = 2B4DDECD2A2DBAC9009739ED /* WindowController.swift */; };
		2B4DDED02A2DBAE4009739ED /* OutlineViewManager.swift in Sources */ = {isa = PBXBuildFile; fileRef = 2B4DDECF2A2DBAE4009739ED /* OutlineViewManager.swift */; };
		2B4DDED22A2DBE13009739ED /* TaskDataController.swift in Sources */ = {isa = PBXBuildFile; fileRef = 2B4DDED12A2DBE13009739ED /* TaskDataController.swift */; };
		2B4DDED42A2DBE1D009739ED /* TaskDataModel.swift in Sources */ = {isa = PBXBuildFile; fileRef = 2B4DDED32A2DBE1D009739ED /* TaskDataModel.swift */; };
/* End PBXBuildFile section */

/* Begin PBXFileReference section */
		2B4DDEBB2A2DBA22009739ED /* OutlineViewDemo.app */ = {isa = PBXFileReference; explicitFileType = wrapper.application; includeInIndex = 0; path = OutlineViewDemo.app; sourceTree = BUILT_PRODUCTS_DIR; };
		2B4DDEBE2A2DBA22009739ED /* AppDelegate.swift */ = {isa = PBXFileReference; lastKnownFileType = sourcecode.swift; path = AppDelegate.swift; sourceTree = "<group>"; };
		2B4DDEC02A2DBA23009739ED /* Assets.xcassets */ = {isa = PBXFileReference; lastKnownFileType = folder.assetcatalog; path = Assets.xcassets; sourceTree = "<group>"; };
		2B4DDEC32A2DBA23009739ED /* Base */ = {isa = PBXFileReference; lastKnownFileType = file.xib; name = Base; path = Base.lproj/MainMenu.xib; sourceTree = "<group>"; };
		2B4DDEC52A2DBA23009739ED /* OutlineViewDemo.entitlements */ = {isa = PBXFileReference; lastKnownFileType = text.plist.entitlements; path = OutlineViewDemo.entitlements; sourceTree = "<group>"; };
		2B4DDECB2A2DBA54009739ED /* OutlineViewController.swift */ = {isa = PBXFileReference; lastKnownFileType = sourcecode.swift; path = OutlineViewController.swift; sourceTree = "<group>"; };
		2B4DDECD2A2DBAC9009739ED /* WindowController.swift */ = {isa = PBXFileReference; lastKnownFileType = sourcecode.swift; path = WindowController.swift; sourceTree = "<group>"; };
		2B4DDECF2A2DBAE4009739ED /* OutlineViewManager.swift */ = {isa = PBXFileReference; lastKnownFileType = sourcecode.swift; path = OutlineViewManager.swift; sourceTree = "<group>"; };
		2B4DDED12A2DBE13009739ED /* TaskDataController.swift */ = {isa = PBXFileReference; lastKnownFileType = sourcecode.swift; path = TaskDataController.swift; sourceTree = "<group>"; };
		2B4DDED32A2DBE1D009739ED /* TaskDataModel.swift */ = {isa = PBXFileReference; lastKnownFileType = sourcecode.swift; path = TaskDataModel.swift; sourceTree = "<group>"; };
/* End PBXFileReference section */

/* Begin PBXFrameworksBuildPhase section */
		2B4DDEB82A2DBA22009739ED /* Frameworks */ = {
			isa = PBXFrameworksBuildPhase;
			buildActionMask = 2147483647;
			files = (
			);
			runOnlyForDeploymentPostprocessing = 0;
		};
/* End PBXFrameworksBuildPhase section */

/* Begin PBXGroup section */
		2B4DDEB22A2DBA22009739ED = {
			isa = PBXGroup;
			children = (
				2B4DDEBD2A2DBA22009739ED /* OutlineViewDemo */,
				2B4DDEBC2A2DBA22009739ED /* Products */,
			);
			sourceTree = "<group>";
		};
		2B4DDEBC2A2DBA22009739ED /* Products */ = {
			isa = PBXGroup;
			children = (
				2B4DDEBB2A2DBA22009739ED /* OutlineViewDemo.app */,
			);
			name = Products;
			sourceTree = "<group>";
		};
		2B4DDEBD2A2DBA22009739ED /* OutlineViewDemo */ = {
			isa = PBXGroup;
			children = (
				2B4DDEBE2A2DBA22009739ED /* AppDelegate.swift */,
				2B4DDEC02A2DBA23009739ED /* Assets.xcassets */,
				2B4DDEC22A2DBA23009739ED /* MainMenu.xib */,
				2B4DDEC52A2DBA23009739ED /* OutlineViewDemo.entitlements */,
				2B4DDECB2A2DBA54009739ED /* OutlineViewController.swift */,
				2B4DDECD2A2DBAC9009739ED /* WindowController.swift */,
				2B4DDECF2A2DBAE4009739ED /* OutlineViewManager.swift */,
				2B4DDED12A2DBE13009739ED /* TaskDataController.swift */,
				2B4DDED32A2DBE1D009739ED /* TaskDataModel.swift */,
			);
			path = OutlineViewDemo;
			sourceTree = "<group>";
		};
/* End PBXGroup section */

/* Begin PBXNativeTarget section */
		2B4DDEBA2A2DBA22009739ED /* OutlineViewDemo */ = {
			isa = PBXNativeTarget;
			buildConfigurationList = 2B4DDEC82A2DBA23009739ED /* Build configuration list for PBXNativeTarget "OutlineViewDemo" */;
			buildPhases = (
				2B4DDEB72A2DBA22009739ED /* Sources */,
				2B4DDEB82A2DBA22009739ED /* Frameworks */,
				2B4DDEB92A2DBA22009739ED /* Resources */,
			);
			buildRules = (
			);
			dependencies = (
			);
			name = OutlineViewDemo;
			productName = OutlineViewDemo;
			productReference = 2B4DDEBB2A2DBA22009739ED /* OutlineViewDemo.app */;
			productType = "com.apple.product-type.application";
		};
/* End PBXNativeTarget section */

/* Begin PBXProject section */
		2B4DDEB32A2DBA22009739ED /* Project object */ = {
			isa = PBXProject;
			attributes = {
				BuildIndependentTargetsInParallel = 1;
				LastSwiftUpdateCheck = 1430;
				LastUpgradeCheck = 1430;
				TargetAttributes = {
					2B4DDEBA2A2DBA22009739ED = {
						CreatedOnToolsVersion = 14.3.1;
					};
				};
			};
			buildConfigurationList = 2B4DDEB62A2DBA22009739ED /* Build configuration list for PBXProject "OutlineViewDemo" */;
			compatibilityVersion = "Xcode 14.0";
			developmentRegion = en;
			hasScannedForEncodings = 0;
			knownRegions = (
				en,
				Base,
			);
			mainGroup = 2B4DDEB22A2DBA22009739ED;
			productRefGroup = 2B4DDEBC2A2DBA22009739ED /* Products */;
			projectDirPath = "";
			projectRoot = "";
			targets = (
				2B4DDEBA2A2DBA22009739ED /* OutlineViewDemo */,
			);
		};
/* End PBXProject section */

/* Begin PBXResourcesBuildPhase section */
		2B4DDEB92A2DBA22009739ED /* Resources */ = {
			isa = PBXResourcesBuildPhase;
			buildActionMask = 2147483647;
			files = (
				2B4DDEC12A2DBA23009739ED /* Assets.xcassets in Resources */,
				2B4DDEC42A2DBA23009739ED /* MainMenu.xib in Resources */,
			);
			runOnlyForDeploymentPostprocessing = 0;
		};
/* End PBXResourcesBuildPhase section */

/* Begin PBXSourcesBuildPhase section */
		2B4DDEB72A2DBA22009739ED /* Sources */ = {
			isa = PBXSourcesBuildPhase;
			buildActionMask = 2147483647;
			files = (
				2B4DDED22A2DBE13009739ED /* TaskDataController.swift in Sources */,
				2B4DDEBF2A2DBA22009739ED /* AppDelegate.swift in Sources */,
				2B4DDED42A2DBE1D009739ED /* TaskDataModel.swift in Sources */,
				2B4DDED02A2DBAE4009739ED /* OutlineViewManager.swift in Sources */,
				2B4DDECE2A2DBAC9009739ED /* WindowController.swift in Sources */,
				2B4DDECC2A2DBA54009739ED /* OutlineViewController.swift in Sources */,
			);
			runOnlyForDeploymentPostprocessing = 0;
		};
/* End PBXSourcesBuildPhase section */

/* Begin PBXVariantGroup section */
		2B4DDEC22A2DBA23009739ED /* MainMenu.xib */ = {
			isa = PBXVariantGroup;
			children = (
				2B4DDEC32A2DBA23009739ED /* Base */,
			);
			name = MainMenu.xib;
			sourceTree = "<group>";
		};
/* End PBXVariantGroup section */

/* Begin XCBuildConfiguration section */
		2B4DDEC62A2DBA23009739ED /* Debug */ = {
			isa = XCBuildConfiguration;
			buildSettings = {
				ALWAYS_SEARCH_USER_PATHS = NO;
				CLANG_ANALYZER_NONNULL = YES;
				CLANG_ANALYZER_NUMBER_OBJECT_CONVERSION = YES_AGGRESSIVE;
				CLANG_CXX_LANGUAGE_STANDARD = "gnu++20";
				CLANG_ENABLE_MODULES = YES;
				CLANG_ENABLE_OBJC_ARC = YES;
				CLANG_ENABLE_OBJC_WEAK = YES;
				CLANG_WARN_BLOCK_CAPTURE_AUTORELEASING = YES;
				CLANG_WARN_BOOL_CONVERSION = YES;
				CLANG_WARN_COMMA = YES;
				CLANG_WARN_CONSTANT_CONVERSION = YES;
				CLANG_WARN_DEPRECATED_OBJC_IMPLEMENTATIONS = YES;
				CLANG_WARN_DIRECT_OBJC_ISA_USAGE = YES_ERROR;
				CLANG_WARN_DOCUMENTATION_COMMENTS = YES;
				CLANG_WARN_EMPTY_BODY = YES;
				CLANG_WARN_ENUM_CONVERSION = YES;
				CLANG_WARN_INFINITE_RECURSION = YES;
				CLANG_WARN_INT_CONVERSION = YES;
				CLANG_WARN_NON_LITERAL_NULL_CONVERSION = YES;
				CLANG_WARN_OBJC_IMPLICIT_RETAIN_SELF = YES;
				CLANG_WARN_OBJC_LITERAL_CONVERSION = YES;
				CLANG_WARN_OBJC_ROOT_CLASS = YES_ERROR;
				CLANG_WARN_QUOTED_INCLUDE_IN_FRAMEWORK_HEADER = YES;
				CLANG_WARN_RANGE_LOOP_ANALYSIS = YES;
				CLANG_WARN_STRICT_PROTOTYPES = YES;
				CLANG_WARN_SUSPICIOUS_MOVE = YES;
				CLANG_WARN_UNGUARDED_AVAILABILITY = YES_AGGRESSIVE;
				CLANG_WARN_UNREACHABLE_CODE = YES;
				CLANG_WARN__DUPLICATE_METHOD_MATCH = YES;
				COPY_PHASE_STRIP = NO;
				DEBUG_INFORMATION_FORMAT = dwarf;
				ENABLE_STRICT_OBJC_MSGSEND = YES;
				ENABLE_TESTABILITY = YES;
				GCC_C_LANGUAGE_STANDARD = gnu11;
				GCC_DYNAMIC_NO_PIC = NO;
				GCC_NO_COMMON_BLOCKS = YES;
				GCC_OPTIMIZATION_LEVEL = 0;
				GCC_PREPROCESSOR_DEFINITIONS = (
					"DEBUG=1",
					"$(inherited)",
				);
				GCC_WARN_64_TO_32_BIT_CONVERSION = YES;
				GCC_WARN_ABOUT_RETURN_TYPE = YES_ERROR;
				GCC_WARN_UNDECLARED_SELECTOR = YES;
				GCC_WARN_UNINITIALIZED_AUTOS = YES_AGGRESSIVE;
				GCC_WARN_UNUSED_FUNCTION = YES;
				GCC_WARN_UNUSED_VARIABLE = YES;
				MACOSX_DEPLOYMENT_TARGET = 13.3;
				MTL_ENABLE_DEBUG_INFO = INCLUDE_SOURCE;
				MTL_FAST_MATH = YES;
				ONLY_ACTIVE_ARCH = YES;
				SDKROOT = macosx;
				SWIFT_ACTIVE_COMPILATION_CONDITIONS = DEBUG;
				SWIFT_OPTIMIZATION_LEVEL = "-Onone";
			};
			name = Debug;
		};
		2B4DDEC72A2DBA23009739ED /* Release */ = {
			isa = XCBuildConfiguration;
			buildSettings = {
				ALWAYS_SEARCH_USER_PATHS = NO;
				CLANG_ANALYZER_NONNULL = YES;
				CLANG_ANALYZER_NUMBER_OBJECT_CONVERSION = YES_AGGRESSIVE;
				CLANG_CXX_LANGUAGE_STANDARD = "gnu++20";
				CLANG_ENABLE_MODULES = YES;
				CLANG_ENABLE_OBJC_ARC = YES;
				CLANG_ENABLE_OBJC_WEAK = YES;
				CLANG_WARN_BLOCK_CAPTURE_AUTORELEASING = YES;
				CLANG_WARN_BOOL_CONVERSION = YES;
				CLANG_WARN_COMMA = YES;
				CLANG_WARN_CONSTANT_CONVERSION = YES;
				CLANG_WARN_DEPRECATED_OBJC_IMPLEMENTATIONS = YES;
				CLANG_WARN_DIRECT_OBJC_ISA_USAGE = YES_ERROR;
				CLANG_WARN_DOCUMENTATION_COMMENTS = YES;
				CLANG_WARN_EMPTY_BODY = YES;
				CLANG_WARN_ENUM_CONVERSION = YES;
				CLANG_WARN_INFINITE_RECURSION = YES;
				CLANG_WARN_INT_CONVERSION = YES;
				CLANG_WARN_NON_LITERAL_NULL_CONVERSION = YES;
				CLANG_WARN_OBJC_IMPLICIT_RETAIN_SELF = YES;
				CLANG_WARN_OBJC_LITERAL_CONVERSION = YES;
				CLANG_WARN_OBJC_ROOT_CLASS = YES_ERROR;
				CLANG_WARN_QUOTED_INCLUDE_IN_FRAMEWORK_HEADER = YES;
				CLANG_WARN_RANGE_LOOP_ANALYSIS = YES;
				CLANG_WARN_STRICT_PROTOTYPES = YES;
				CLANG_WARN_SUSPICIOUS_MOVE = YES;
				CLANG_WARN_UNGUARDED_AVAILABILITY = YES_AGGRESSIVE;
				CLANG_WARN_UNREACHABLE_CODE = YES;
				CLANG_WARN__DUPLICATE_METHOD_MATCH = YES;
				COPY_PHASE_STRIP = NO;
				DEBUG_INFORMATION_FORMAT = "dwarf-with-dsym";
				ENABLE_NS_ASSERTIONS = NO;
				ENABLE_STRICT_OBJC_MSGSEND = YES;
				GCC_C_LANGUAGE_STANDARD = gnu11;
				GCC_NO_COMMON_BLOCKS = YES;
				GCC_WARN_64_TO_32_BIT_CONVERSION = YES;
				GCC_WARN_ABOUT_RETURN_TYPE = YES_ERROR;
				GCC_WARN_UNDECLARED_SELECTOR = YES;
				GCC_WARN_UNINITIALIZED_AUTOS = YES_AGGRESSIVE;
				GCC_WARN_UNUSED_FUNCTION = YES;
				GCC_WARN_UNUSED_VARIABLE = YES;
				MACOSX_DEPLOYMENT_TARGET = 13.3;
				MTL_ENABLE_DEBUG_INFO = NO;
				MTL_FAST_MATH = YES;
				SDKROOT = macosx;
				SWIFT_COMPILATION_MODE = wholemodule;
				SWIFT_OPTIMIZATION_LEVEL = "-O";
			};
			name = Release;
		};
		2B4DDEC92A2DBA23009739ED /* Debug */ = {
			isa = XCBuildConfiguration;
			buildSettings = {
				ASSETCATALOG_COMPILER_APPICON_NAME = AppIcon;
				ASSETCATALOG_COMPILER_GLOBAL_ACCENT_COLOR_NAME = AccentColor;
				CODE_SIGN_ENTITLEMENTS = OutlineViewDemo/OutlineViewDemo.entitlements;
				CODE_SIGN_STYLE = Automatic;
				COMBINE_HIDPI_IMAGES = YES;
				CURRENT_PROJECT_VERSION = 1;
				DEVELOPMENT_TEAM = 8V67264XN6;
				ENABLE_HARDENED_RUNTIME = YES;
				GENERATE_INFOPLIST_FILE = YES;
				INFOPLIST_KEY_NSHumanReadableCopyright = "";
				INFOPLIST_KEY_NSMainNibFile = MainMenu;
				INFOPLIST_KEY_NSPrincipalClass = NSApplication;
				LD_RUNPATH_SEARCH_PATHS = (
					"$(inherited)",
					"@executable_path/../Frameworks",
				);
				MARKETING_VERSION = 1.0;
				PRODUCT_BUNDLE_IDENTIFIER = com.Test.OutlineViewDemo;
				PRODUCT_NAME = "$(TARGET_NAME)";
				SWIFT_EMIT_LOC_STRINGS = YES;
				SWIFT_VERSION = 5.0;
			};
			name = Debug;
		};
		2B4DDECA2A2DBA23009739ED /* Release */ = {
			isa = XCBuildConfiguration;
			buildSettings = {
				ASSETCATALOG_COMPILER_APPICON_NAME = AppIcon;
				ASSETCATALOG_COMPILER_GLOBAL_ACCENT_COLOR_NAME = AccentColor;
				CODE_SIGN_ENTITLEMENTS = OutlineViewDemo/OutlineViewDemo.entitlements;
				CODE_SIGN_STYLE = Automatic;
				COMBINE_HIDPI_IMAGES = YES;
				CURRENT_PROJECT_VERSION = 1;
				DEVELOPMENT_TEAM = 8V67264XN6;
				ENABLE_HARDENED_RUNTIME = YES;
				GENERATE_INFOPLIST_FILE = YES;
				INFOPLIST_KEY_NSHumanReadableCopyright = "";
				INFOPLIST_KEY_NSMainNibFile = MainMenu;
				INFOPLIST_KEY_NSPrincipalClass = NSApplication;
				LD_RUNPATH_SEARCH_PATHS = (
					"$(inherited)",
					"@executable_path/../Frameworks",
				);
				MARKETING_VERSION = 1.0;
				PRODUCT_BUNDLE_IDENTIFIER = com.Test.OutlineViewDemo;
				PRODUCT_NAME = "$(TARGET_NAME)";
				SWIFT_EMIT_LOC_STRINGS = YES;
				SWIFT_VERSION = 5.0;
			};
			name = Release;
		};
/* End XCBuildConfiguration section */

/* Begin XCConfigurationList section */
		2B4DDEB62A2DBA22009739ED /* Build configuration list for PBXProject "OutlineViewDemo" */ = {
			isa = XCConfigurationList;
			buildConfigurations = (
				2B4DDEC62A2DBA23009739ED /* Debug */,
				2B4DDEC72A2DBA23009739ED /* Release */,
			);
			defaultConfigurationIsVisible = 0;
			defaultConfigurationName = Release;
		};
		2B4DDEC82A2DBA23009739ED /* Build configuration list for PBXNativeTarget "OutlineViewDemo" */ = {
			isa = XCConfigurationList;
			buildConfigurations = (
				2B4DDEC92A2DBA23009739ED /* Debug */,
				2B4DDECA2A2DBA23009739ED /* Release */,
			);
			defaultConfigurationIsVisible = 0;
			defaultConfigurationName = Release;
		};
/* End XCConfigurationList section */
	};
	rootObject = 2B4DDEB32A2DBA22009739ED /* Project object */;
}
