// !$*UTF8*$!
{
	archiveVersion = 1;
	classes = {
	};
	objectVersion = 56;
	objects = {

/* Begin PBXBuildFile section */
		2B6B4F142A0DFF69004A5E9F /* AppDelegate.swift in Sources */ = {isa = PBXBuildFile; fileRef = 2B6B4F132A0DFF69004A5E9F /* AppDelegate.swift */; };
		2B6B4F162A0DFF6A004A5E9F /* Assets.xcassets in Resources */ = {isa = PBXBuildFile; fileRef = 2B6B4F152A0DFF6A004A5E9F /* Assets.xcassets */; };
		2B6B4F192A0DFF6A004A5E9F /* MainMenu.xib in Resources */ = {isa = PBXBuildFile; fileRef = 2B6B4F172A0DFF6A004A5E9F /* MainMenu.xib */; };
		2B6B4F212A0E00CD004A5E9F /* WindowController.swift in Sources */ = {isa = PBXBuildFile; fileRef = 2B6B4F202A0E00CD004A5E9F /* WindowController.swift */; };
		2B6B4F232A0E018A004A5E9F /* ViewController.swift in Sources */ = {isa = PBXBuildFile; fileRef = 2B6B4F222A0E018A004A5E9F /* ViewController.swift */; };
		2B6B4F272A0E0282004A5E9F /* MainView.swift in Sources */ = {isa = PBXBuildFile; fileRef = 2B6B4F262A0E0282004A5E9F /* MainView.swift */; };
		2B6B4F292A0E0459004A5E9F /* RightNavbarView.swift in Sources */ = {isa = PBXBuildFile; fileRef = 2B6B4F282A0E0459004A5E9F /* RightNavbarView.swift */; };
		2B6B4F2B2A0E0676004A5E9F /* RightNavbarItemView.swift in Sources */ = {isa = PBXBuildFile; fileRef = 2B6B4F2A2A0E0676004A5E9F /* RightNavbarItemView.swift */; };
		2B6B4F2D2A0E0C8B004A5E9F /* SignUpButton.swift in Sources */ = {isa = PBXBuildFile; fileRef = 2B6B4F2C2A0E0C8B004A5E9F /* SignUpButton.swift */; };
		2B735CA72A0E28FD00BA6D78 /* SearchBar.swift in Sources */ = {isa = PBXBuildFile; fileRef = 2B735CA62A0E28FD00BA6D78 /* SearchBar.swift */; };
		2B735CA92A0E452E00BA6D78 /* SearchBackgroundView.swift in Sources */ = {isa = PBXBuildFile; fileRef = 2B735CA82A0E452E00BA6D78 /* SearchBackgroundView.swift */; };
		2B735CAB2A0E547000BA6D78 /* GoogleLogoView.swift in Sources */ = {isa = PBXBuildFile; fileRef = 2B735CAA2A0E547000BA6D78 /* GoogleLogoView.swift */; };
		2B735CAD2A11F4C100BA6D78 /* SearchIcon.swift in Sources */ = {isa = PBXBuildFile; fileRef = 2B735CAC2A11F4C100BA6D78 /* SearchIcon.swift */; };
		2B735CCE2A124B6300BA6D78 /* Footer.swift in Sources */ = {isa = PBXBuildFile; fileRef = 2B735CCD2A124B6300BA6D78 /* Footer.swift */; };
		2B735CD02A124C8800BA6D78 /* FooterItem.swift in Sources */ = {isa = PBXBuildFile; fileRef = 2B735CCF2A124C8800BA6D78 /* FooterItem.swift */; };
/* End PBXBuildFile section */

/* Begin PBXFileReference section */
		2B6B4F102A0DFF69004A5E9F /* GoogleHomePage.app */ = {isa = PBXFileReference; explicitFileType = wrapper.application; includeInIndex = 0; path = GoogleHomePage.app; sourceTree = BUILT_PRODUCTS_DIR; };
		2B6B4F132A0DFF69004A5E9F /* AppDelegate.swift */ = {isa = PBXFileReference; lastKnownFileType = sourcecode.swift; path = AppDelegate.swift; sourceTree = "<group>"; };
		2B6B4F152A0DFF6A004A5E9F /* Assets.xcassets */ = {isa = PBXFileReference; lastKnownFileType = folder.assetcatalog; path = Assets.xcassets; sourceTree = "<group>"; };
		2B6B4F182A0DFF6A004A5E9F /* Base */ = {isa = PBXFileReference; lastKnownFileType = file.xib; name = Base; path = Base.lproj/MainMenu.xib; sourceTree = "<group>"; };
		2B6B4F1A2A0DFF6A004A5E9F /* GoogleHomePage.entitlements */ = {isa = PBXFileReference; lastKnownFileType = text.plist.entitlements; path = GoogleHomePage.entitlements; sourceTree = "<group>"; };
		2B6B4F202A0E00CD004A5E9F /* WindowController.swift */ = {isa = PBXFileReference; lastKnownFileType = sourcecode.swift; path = WindowController.swift; sourceTree = "<group>"; };
		2B6B4F222A0E018A004A5E9F /* ViewController.swift */ = {isa = PBXFileReference; lastKnownFileType = sourcecode.swift; path = ViewController.swift; sourceTree = "<group>"; };
		2B6B4F262A0E0282004A5E9F /* MainView.swift */ = {isa = PBXFileReference; lastKnownFileType = sourcecode.swift; path = MainView.swift; sourceTree = "<group>"; };
		2B6B4F282A0E0459004A5E9F /* RightNavbarView.swift */ = {isa = PBXFileReference; lastKnownFileType = sourcecode.swift; path = RightNavbarView.swift; sourceTree = "<group>"; };
		2B6B4F2A2A0E0676004A5E9F /* RightNavbarItemView.swift */ = {isa = PBXFileReference; lastKnownFileType = sourcecode.swift; path = RightNavbarItemView.swift; sourceTree = "<group>"; };
		2B6B4F2C2A0E0C8B004A5E9F /* SignUpButton.swift */ = {isa = PBXFileReference; lastKnownFileType = sourcecode.swift; path = SignUpButton.swift; sourceTree = "<group>"; };
		2B735CA62A0E28FD00BA6D78 /* SearchBar.swift */ = {isa = PBXFileReference; lastKnownFileType = sourcecode.swift; path = SearchBar.swift; sourceTree = "<group>"; };
		2B735CA82A0E452E00BA6D78 /* SearchBackgroundView.swift */ = {isa = PBXFileReference; lastKnownFileType = sourcecode.swift; path = SearchBackgroundView.swift; sourceTree = "<group>"; };
		2B735CAA2A0E547000BA6D78 /* GoogleLogoView.swift */ = {isa = PBXFileReference; lastKnownFileType = sourcecode.swift; path = GoogleLogoView.swift; sourceTree = "<group>"; };
		2B735CAC2A11F4C100BA6D78 /* SearchIcon.swift */ = {isa = PBXFileReference; lastKnownFileType = sourcecode.swift; path = SearchIcon.swift; sourceTree = "<group>"; };
		2B735CCD2A124B6300BA6D78 /* Footer.swift */ = {isa = PBXFileReference; lastKnownFileType = sourcecode.swift; path = Footer.swift; sourceTree = "<group>"; };
		2B735CCF2A124C8800BA6D78 /* FooterItem.swift */ = {isa = PBXFileReference; lastKnownFileType = sourcecode.swift; path = FooterItem.swift; sourceTree = "<group>"; };
/* End PBXFileReference section */

/* Begin PBXFrameworksBuildPhase section */
		2B6B4F0D2A0DFF69004A5E9F /* Frameworks */ = {
			isa = PBXFrameworksBuildPhase;
			buildActionMask = 2147483647;
			files = (
			);
			runOnlyForDeploymentPostprocessing = 0;
		};
/* End PBXFrameworksBuildPhase section */

/* Begin PBXGroup section */
		2B6B4F072A0DFF69004A5E9F = {
			isa = PBXGroup;
			children = (
				2B6B4F122A0DFF69004A5E9F /* GoogleHomePage */,
				2B6B4F112A0DFF69004A5E9F /* Products */,
			);
			sourceTree = "<group>";
		};
		2B6B4F112A0DFF69004A5E9F /* Products */ = {
			isa = PBXGroup;
			children = (
				2B6B4F102A0DFF69004A5E9F /* GoogleHomePage.app */,
			);
			name = Products;
			sourceTree = "<group>";
		};
		2B6B4F122A0DFF69004A5E9F /* GoogleHomePage */ = {
			isa = PBXGroup;
			children = (
				2B6B4F132A0DFF69004A5E9F /* AppDelegate.swift */,
				2B6B4F152A0DFF6A004A5E9F /* Assets.xcassets */,
				2B6B4F172A0DFF6A004A5E9F /* MainMenu.xib */,
				2B6B4F1A2A0DFF6A004A5E9F /* GoogleHomePage.entitlements */,
				2B6B4F202A0E00CD004A5E9F /* WindowController.swift */,
				2B6B4F222A0E018A004A5E9F /* ViewController.swift */,
				2B6B4F262A0E0282004A5E9F /* MainView.swift */,
				2B6B4F282A0E0459004A5E9F /* RightNavbarView.swift */,
				2B6B4F2A2A0E0676004A5E9F /* RightNavbarItemView.swift */,
				2B6B4F2C2A0E0C8B004A5E9F /* SignUpButton.swift */,
				2B735CA62A0E28FD00BA6D78 /* SearchBar.swift */,
				2B735CA82A0E452E00BA6D78 /* SearchBackgroundView.swift */,
				2B735CAA2A0E547000BA6D78 /* GoogleLogoView.swift */,
				2B735CAC2A11F4C100BA6D78 /* SearchIcon.swift */,
				2B735CCD2A124B6300BA6D78 /* Footer.swift */,
				2B735CCF2A124C8800BA6D78 /* FooterItem.swift */,
			);
			path = GoogleHomePage;
			sourceTree = "<group>";
		};
/* End PBXGroup section */

/* Begin PBXNativeTarget section */
		2B6B4F0F2A0DFF69004A5E9F /* GoogleHomePage */ = {
			isa = PBXNativeTarget;
			buildConfigurationList = 2B6B4F1D2A0DFF6A004A5E9F /* Build configuration list for PBXNativeTarget "GoogleHomePage" */;
			buildPhases = (
				2B6B4F0C2A0DFF69004A5E9F /* Sources */,
				2B6B4F0D2A0DFF69004A5E9F /* Frameworks */,
				2B6B4F0E2A0DFF69004A5E9F /* Resources */,
			);
			buildRules = (
			);
			dependencies = (
			);
			name = GoogleHomePage;
			productName = GoogleHomePage;
			productReference = 2B6B4F102A0DFF69004A5E9F /* GoogleHomePage.app */;
			productType = "com.apple.product-type.application";
		};
/* End PBXNativeTarget section */

/* Begin PBXProject section */
		2B6B4F082A0DFF69004A5E9F /* Project object */ = {
			isa = PBXProject;
			attributes = {
				BuildIndependentTargetsInParallel = 1;
				LastSwiftUpdateCheck = 1430;
				LastUpgradeCheck = 1430;
				TargetAttributes = {
					2B6B4F0F2A0DFF69004A5E9F = {
						CreatedOnToolsVersion = 14.3;
					};
				};
			};
			buildConfigurationList = 2B6B4F0B2A0DFF69004A5E9F /* Build configuration list for PBXProject "GoogleHomePage" */;
			compatibilityVersion = "Xcode 14.0";
			developmentRegion = en;
			hasScannedForEncodings = 0;
			knownRegions = (
				en,
				Base,
			);
			mainGroup = 2B6B4F072A0DFF69004A5E9F;
			productRefGroup = 2B6B4F112A0DFF69004A5E9F /* Products */;
			projectDirPath = "";
			projectRoot = "";
			targets = (
				2B6B4F0F2A0DFF69004A5E9F /* GoogleHomePage */,
			);
		};
/* End PBXProject section */

/* Begin PBXResourcesBuildPhase section */
		2B6B4F0E2A0DFF69004A5E9F /* Resources */ = {
			isa = PBXResourcesBuildPhase;
			buildActionMask = 2147483647;
			files = (
				2B6B4F162A0DFF6A004A5E9F /* Assets.xcassets in Resources */,
				2B6B4F192A0DFF6A004A5E9F /* MainMenu.xib in Resources */,
			);
			runOnlyForDeploymentPostprocessing = 0;
		};
/* End PBXResourcesBuildPhase section */

/* Begin PBXSourcesBuildPhase section */
		2B6B4F0C2A0DFF69004A5E9F /* Sources */ = {
			isa = PBXSourcesBuildPhase;
			buildActionMask = 2147483647;
			files = (
				2B735CA92A0E452E00BA6D78 /* SearchBackgroundView.swift in Sources */,
				2B6B4F2B2A0E0676004A5E9F /* RightNavbarItemView.swift in Sources */,
				2B6B4F232A0E018A004A5E9F /* ViewController.swift in Sources */,
				2B6B4F292A0E0459004A5E9F /* RightNavbarView.swift in Sources */,
				2B6B4F272A0E0282004A5E9F /* MainView.swift in Sources */,
				2B735CD02A124C8800BA6D78 /* FooterItem.swift in Sources */,
				2B6B4F142A0DFF69004A5E9F /* AppDelegate.swift in Sources */,
				2B735CCE2A124B6300BA6D78 /* Footer.swift in Sources */,
				2B735CAB2A0E547000BA6D78 /* GoogleLogoView.swift in Sources */,
				2B735CA72A0E28FD00BA6D78 /* SearchBar.swift in Sources */,
				2B735CAD2A11F4C100BA6D78 /* SearchIcon.swift in Sources */,
				2B6B4F212A0E00CD004A5E9F /* WindowController.swift in Sources */,
				2B6B4F2D2A0E0C8B004A5E9F /* SignUpButton.swift in Sources */,
			);
			runOnlyForDeploymentPostprocessing = 0;
		};
/* End PBXSourcesBuildPhase section */

/* Begin PBXVariantGroup section */
		2B6B4F172A0DFF6A004A5E9F /* MainMenu.xib */ = {
			isa = PBXVariantGroup;
			children = (
				2B6B4F182A0DFF6A004A5E9F /* Base */,
			);
			name = MainMenu.xib;
			sourceTree = "<group>";
		};
/* End PBXVariantGroup section */

/* Begin XCBuildConfiguration section */
		2B6B4F1B2A0DFF6A004A5E9F /* Debug */ = {
			isa = XCBuildConfiguration;
			buildSettings = {
				ALWAYS_SEARCH_USER_PATHS = NO;
				CLANG_ANALYZER_NONNULL = YES;
				CLANG_ANALYZER_NUMBER_OBJECT_CONVERSION = YES_AGGRESSIVE;
				CLANG_CXX_LANGUAGE_STANDARD = "gnu++20";
				CLANG_ENABLE_MODULES = YES;
				CLANG_ENABLE_OBJC_ARC = YES;
				CLANG_ENABLE_OBJC_WEAK = YES;
				CLANG_WARN_BLOCK_CAPTURE_AUTORELEASING = YES;
				CLANG_WARN_BOOL_CONVERSION = YES;
				CLANG_WARN_COMMA = YES;
				CLANG_WARN_CONSTANT_CONVERSION = YES;
				CLANG_WARN_DEPRECATED_OBJC_IMPLEMENTATIONS = YES;
				CLANG_WARN_DIRECT_OBJC_ISA_USAGE = YES_ERROR;
				CLANG_WARN_DOCUMENTATION_COMMENTS = YES;
				CLANG_WARN_EMPTY_BODY = YES;
				CLANG_WARN_ENUM_CONVERSION = YES;
				CLANG_WARN_INFINITE_RECURSION = YES;
				CLANG_WARN_INT_CONVERSION = YES;
				CLANG_WARN_NON_LITERAL_NULL_CONVERSION = YES;
				CLANG_WARN_OBJC_IMPLICIT_RETAIN_SELF = YES;
				CLANG_WARN_OBJC_LITERAL_CONVERSION = YES;
				CLANG_WARN_OBJC_ROOT_CLASS = YES_ERROR;
				CLANG_WARN_QUOTED_INCLUDE_IN_FRAMEWORK_HEADER = YES;
				CLANG_WARN_RANGE_LOOP_ANALYSIS = YES;
				CLANG_WARN_STRICT_PROTOTYPES = YES;
				CLANG_WARN_SUSPICIOUS_MOVE = YES;
				CLANG_WARN_UNGUARDED_AVAILABILITY = YES_AGGRESSIVE;
				CLANG_WARN_UNREACHABLE_CODE = YES;
				CLANG_WARN__DUPLICATE_METHOD_MATCH = YES;
				COPY_PHASE_STRIP = NO;
				DEBUG_INFORMATION_FORMAT = dwarf;
				ENABLE_STRICT_OBJC_MSGSEND = YES;
				ENABLE_TESTABILITY = YES;
				GCC_C_LANGUAGE_STANDARD = gnu11;
				GCC_DYNAMIC_NO_PIC = NO;
				GCC_NO_COMMON_BLOCKS = YES;
				GCC_OPTIMIZATION_LEVEL = 0;
				GCC_PREPROCESSOR_DEFINITIONS = (
					"DEBUG=1",
					"$(inherited)",
				);
				GCC_WARN_64_TO_32_BIT_CONVERSION = YES;
				GCC_WARN_ABOUT_RETURN_TYPE = YES_ERROR;
				GCC_WARN_UNDECLARED_SELECTOR = YES;
				GCC_WARN_UNINITIALIZED_AUTOS = YES_AGGRESSIVE;
				GCC_WARN_UNUSED_FUNCTION = YES;
				GCC_WARN_UNUSED_VARIABLE = YES;
				MACOSX_DEPLOYMENT_TARGET = 13.3;
				MTL_ENABLE_DEBUG_INFO = INCLUDE_SOURCE;
				MTL_FAST_MATH = YES;
				ONLY_ACTIVE_ARCH = YES;
				SDKROOT = macosx;
				SWIFT_ACTIVE_COMPILATION_CONDITIONS = DEBUG;
				SWIFT_OPTIMIZATION_LEVEL = "-Onone";
			};
			name = Debug;
		};
		2B6B4F1C2A0DFF6A004A5E9F /* Release */ = {
			isa = XCBuildConfiguration;
			buildSettings = {
				ALWAYS_SEARCH_USER_PATHS = NO;
				CLANG_ANALYZER_NONNULL = YES;
				CLANG_ANALYZER_NUMBER_OBJECT_CONVERSION = YES_AGGRESSIVE;
				CLANG_CXX_LANGUAGE_STANDARD = "gnu++20";
				CLANG_ENABLE_MODULES = YES;
				CLANG_ENABLE_OBJC_ARC = YES;
				CLANG_ENABLE_OBJC_WEAK = YES;
				CLANG_WARN_BLOCK_CAPTURE_AUTORELEASING = YES;
				CLANG_WARN_BOOL_CONVERSION = YES;
				CLANG_WARN_COMMA = YES;
				CLANG_WARN_CONSTANT_CONVERSION = YES;
				CLANG_WARN_DEPRECATED_OBJC_IMPLEMENTATIONS = YES;
				CLANG_WARN_DIRECT_OBJC_ISA_USAGE = YES_ERROR;
				CLANG_WARN_DOCUMENTATION_COMMENTS = YES;
				CLANG_WARN_EMPTY_BODY = YES;
				CLANG_WARN_ENUM_CONVERSION = YES;
				CLANG_WARN_INFINITE_RECURSION = YES;
				CLANG_WARN_INT_CONVERSION = YES;
				CLANG_WARN_NON_LITERAL_NULL_CONVERSION = YES;
				CLANG_WARN_OBJC_IMPLICIT_RETAIN_SELF = YES;
				CLANG_WARN_OBJC_LITERAL_CONVERSION = YES;
				CLANG_WARN_OBJC_ROOT_CLASS = YES_ERROR;
				CLANG_WARN_QUOTED_INCLUDE_IN_FRAMEWORK_HEADER = YES;
				CLANG_WARN_RANGE_LOOP_ANALYSIS = YES;
				CLANG_WARN_STRICT_PROTOTYPES = YES;
				CLANG_WARN_SUSPICIOUS_MOVE = YES;
				CLANG_WARN_UNGUARDED_AVAILABILITY = YES_AGGRESSIVE;
				CLANG_WARN_UNREACHABLE_CODE = YES;
				CLANG_WARN__DUPLICATE_METHOD_MATCH = YES;
				COPY_PHASE_STRIP = NO;
				DEBUG_INFORMATION_FORMAT = "dwarf-with-dsym";
				ENABLE_NS_ASSERTIONS = NO;
				ENABLE_STRICT_OBJC_MSGSEND = YES;
				GCC_C_LANGUAGE_STANDARD = gnu11;
				GCC_NO_COMMON_BLOCKS = YES;
				GCC_WARN_64_TO_32_BIT_CONVERSION = YES;
				GCC_WARN_ABOUT_RETURN_TYPE = YES_ERROR;
				GCC_WARN_UNDECLARED_SELECTOR = YES;
				GCC_WARN_UNINITIALIZED_AUTOS = YES_AGGRESSIVE;
				GCC_WARN_UNUSED_FUNCTION = YES;
				GCC_WARN_UNUSED_VARIABLE = YES;
				MACOSX_DEPLOYMENT_TARGET = 13.3;
				MTL_ENABLE_DEBUG_INFO = NO;
				MTL_FAST_MATH = YES;
				SDKROOT = macosx;
				SWIFT_COMPILATION_MODE = wholemodule;
				SWIFT_OPTIMIZATION_LEVEL = "-O";
			};
			name = Release;
		};
		2B6B4F1E2A0DFF6A004A5E9F /* Debug */ = {
			isa = XCBuildConfiguration;
			buildSettings = {
				ASSETCATALOG_COMPILER_APPICON_NAME = AppIcon;
				ASSETCATALOG_COMPILER_GLOBAL_ACCENT_COLOR_NAME = AccentColor;
				CODE_SIGN_ENTITLEMENTS = GoogleHomePage/GoogleHomePage.entitlements;
				CODE_SIGN_STYLE = Automatic;
				COMBINE_HIDPI_IMAGES = YES;
				CURRENT_PROJECT_VERSION = 1;
				DEVELOPMENT_TEAM = 8V67264XN6;
				ENABLE_HARDENED_RUNTIME = YES;
				GENERATE_INFOPLIST_FILE = YES;
				INFOPLIST_KEY_NSHumanReadableCopyright = "";
				INFOPLIST_KEY_NSPrincipalClass = NSApplication;
				LD_RUNPATH_SEARCH_PATHS = (
					"$(inherited)",
					"@executable_path/../Frameworks",
				);
				MARKETING_VERSION = 1.0;
				PRODUCT_BUNDLE_IDENTIFIER = com.Test.GoogleHomePage;
				PRODUCT_NAME = "$(TARGET_NAME)";
				SWIFT_EMIT_LOC_STRINGS = YES;
				SWIFT_VERSION = 5.0;
			};
			name = Debug;
		};
		2B6B4F1F2A0DFF6A004A5E9F /* Release */ = {
			isa = XCBuildConfiguration;
			buildSettings = {
				ASSETCATALOG_COMPILER_APPICON_NAME = AppIcon;
				ASSETCATALOG_COMPILER_GLOBAL_ACCENT_COLOR_NAME = AccentColor;
				CODE_SIGN_ENTITLEMENTS = GoogleHomePage/GoogleHomePage.entitlements;
				CODE_SIGN_STYLE = Automatic;
				COMBINE_HIDPI_IMAGES = YES;
				CURRENT_PROJECT_VERSION = 1;
				DEVELOPMENT_TEAM = 8V67264XN6;
				ENABLE_HARDENED_RUNTIME = YES;
				GENERATE_INFOPLIST_FILE = YES;
				INFOPLIST_KEY_NSHumanReadableCopyright = "";
				INFOPLIST_KEY_NSPrincipalClass = NSApplication;
				LD_RUNPATH_SEARCH_PATHS = (
					"$(inherited)",
					"@executable_path/../Frameworks",
				);
				MARKETING_VERSION = 1.0;
				PRODUCT_BUNDLE_IDENTIFIER = com.Test.GoogleHomePage;
				PRODUCT_NAME = "$(TARGET_NAME)";
				SWIFT_EMIT_LOC_STRINGS = YES;
				SWIFT_VERSION = 5.0;
			};
			name = Release;
		};
/* End XCBuildConfiguration section */

/* Begin XCConfigurationList section */
		2B6B4F0B2A0DFF69004A5E9F /* Build configuration list for PBXProject "GoogleHomePage" */ = {
			isa = XCConfigurationList;
			buildConfigurations = (
				2B6B4F1B2A0DFF6A004A5E9F /* Debug */,
				2B6B4F1C2A0DFF6A004A5E9F /* Release */,
			);
			defaultConfigurationIsVisible = 0;
			defaultConfigurationName = Release;
		};
		2B6B4F1D2A0DFF6A004A5E9F /* Build configuration list for PBXNativeTarget "GoogleHomePage" */ = {
			isa = XCConfigurationList;
			buildConfigurations = (
				2B6B4F1E2A0DFF6A004A5E9F /* Debug */,
				2B6B4F1F2A0DFF6A004A5E9F /* Release */,
			);
			defaultConfigurationIsVisible = 0;
			defaultConfigurationName = Release;
		};
/* End XCConfigurationList section */
	};
	rootObject = 2B6B4F082A0DFF69004A5E9F /* Project object */;
}
